
Microsoft Visual Studio Solution File, Format Version 12.00
# Visual Studio Version 16
VisualStudioVersion = 16.0.29409.12
MinimumVisualStudioVersion = 15.0.26124.0
Project("{6EC3EE1D-3C4E-46DD-8F32-0CC8E7565705}") = "Simiosoft.Clients.MySQL", "src\Simiosoft.Clients.MySQL.fsproj", "{2FEDB854-434E-4729-A626-1A2D033DC8A6}"
EndProject
Project("{2150E333-8FDC-42A3-9474-1A3956D46DE8}") = "Metacontent", "Metacontent", "{143E0B4E-B4DA-49AF-83B2-176DA8B377FD}"
	ProjectSection(SolutionItems) = preProject
		.editorconfig = .editorconfig
		.gitignore = .gitignore
		nuget.config = nuget.config
		README.md = README.md
	EndProjectSection
EndProject
Global
	GlobalSection(SolutionConfigurationPlatforms) = preSolution
		Debug|Any CPU = Debug|Any CPU
		Debug|x64 = Debug|x64
		Debug|x86 = Debug|x86
		Release|Any CPU = Release|Any CPU
		Release|x64 = Release|x64
		Release|x86 = Release|x86
	EndGlobalSection
	GlobalSection(ProjectConfigurationPlatforms) = postSolution
		{2FEDB854-434E-4729-A626-1A2D033DC8A6}.Debug|Any CPU.ActiveCfg = Debug|Any CPU
		{2FEDB854-434E-4729-A626-1A2D033DC8A6}.Debug|Any CPU.Build.0 = Debug|Any CPU
		{2FEDB854-434E-4729-A626-1A2D033DC8A6}.Debug|x64.ActiveCfg = Debug|Any CPU
		{2FEDB854-434E-4729-A626-1A2D033DC8A6}.Debug|x64.Build.0 = Debug|Any CPU
		{2FEDB854-434E-4729-A626-1A2D033DC8A6}.Debug|x86.ActiveCfg = Debug|Any CPU
		{2FEDB854-434E-4729-A626-1A2D033DC8A6}.Debug|x86.Build.0 = Debug|Any CPU
		{2FEDB854-434E-4729-A626-1A2D033DC8A6}.Release|Any CPU.ActiveCfg = Release|Any CPU
		{2FEDB854-434E-4729-A626-1A2D033DC8A6}.Release|Any CPU.Build.0 = Release|Any CPU
		{2FEDB854-434E-4729-A626-1A2D033DC8A6}.Release|x64.ActiveCfg = Release|Any CPU
		{2FEDB854-434E-4729-A626-1A2D033DC8A6}.Release|x64.Build.0 = Release|Any CPU
		{2FEDB854-434E-4729-A626-1A2D033DC8A6}.Release|x86.ActiveCfg = Release|Any CPU
		{2FEDB854-434E-4729-A626-1A2D033DC8A6}.Release|x86.Build.0 = Release|Any CPU
	EndGlobalSection
	GlobalSection(SolutionProperties) = preSolution
		HideSolutionNode = FALSE
	EndGlobalSection
	GlobalSection(ExtensibilityGlobals) = postSolution
		SolutionGuid = {811DCBA0-4804-4BDF-A16E-FCBEB88033FB}
	EndGlobalSection
EndGlobal
